// !$*UTF8*$!
{
	archiveVersion = 1;
	classes = {
	};
	objectVersion = 56;
	objects = {

/* Begin PBXBuildFile section */
		AA000000000000000000B001 /* Theme.swift in Sources */ = {isa = PBXBuildFile; fileRef = AA000000000000000000F001 /* Theme.swift */; };
		AA000000000000000000B002 /* Models.swift in Sources */ = {isa = PBXBuildFile; fileRef = AA000000000000000000F002 /* Models.swift */; };
		AA000000000000000000B003 /* AppState.swift in Sources */ = {isa = PBXBuildFile; fileRef = AA000000000000000000F003 /* AppState.swift */; };
		AA000000000000000000B004 /* VentureKeyApp.swift in Sources */ = {isa = PBXBuildFile; fileRef = AA000000000000000000F004 /* VentureKeyApp.swift */; };
		AA000000000000000000B005 /* HomeView.swift in Sources */ = {isa = PBXBuildFile; fileRef = AA000000000000000000F005 /* HomeView.swift */; };
		AA000000000000000000B006 /* WalletViews.swift in Sources */ = {isa = PBXBuildFile; fileRef = AA000000000000000000F006 /* WalletViews.swift */; };
		AA000000000000000000B007 /* PlanView.swift in Sources */ = {isa = PBXBuildFile; fileRef = AA000000000000000000F007 /* PlanView.swift */; };
		AA000000000000000000B008 /* CityKeyView.swift in Sources */ = {isa = PBXBuildFile; fileRef = AA000000000000000000F008 /* CityKeyView.swift */; };
		AA000000000000000000B009 /* SplashAndWrap.swift in Sources */ = {isa = PBXBuildFile; fileRef = AA000000000000000000F009 /* SplashAndWrap.swift */; };
		AA000000000000000000B010 /* SimulatorSheet.swift in Sources */ = {isa = PBXBuildFile; fileRef = AA000000000000000000F010 /* SimulatorSheet.swift */; };
		AA000000000000000000B011 /* Compat.swift in Sources */ = {isa = PBXBuildFile; fileRef = AA000000000000000000F011 /* Compat.swift */; };
		AA000000000000000000B012 /* VelocityBlackSheet.swift in Sources */ = {isa = PBXBuildFile; fileRef = AA000000000000000000F012 /* VelocityBlackSheet.swift */; };
		AA000000000000000000B013 /* Assets.xcassets in Resources */ = {isa = PBXBuildFile; fileRef = AA000000000000000000F013 /* Assets.xcassets */; };
/* End PBXBuildFile section */

/* Begin PBXFileReference section */
		AA000000000000000000F001 /* Theme.swift */ = {isa = PBXFileReference; lastKnownFileType = sourcecode.swift; path = Theme.swift; sourceTree = "<group>"; };
		AA000000000000000000F002 /* Models.swift */ = {isa = PBXFileReference; lastKnownFileType = sourcecode.swift; path = Models.swift; sourceTree = "<group>"; };
		AA000000000000000000F003 /* AppState.swift */ = {isa = PBXFileReference; lastKnownFileType = sourcecode.swift; path = AppState.swift; sourceTree = "<group>"; };
		AA000000000000000000F004 /* VentureKeyApp.swift */ = {isa = PBXFileReference; lastKnownFileType = sourcecode.swift; path = VentureKeyApp.swift; sourceTree = "<group>"; };
		AA000000000000000000F005 /* HomeView.swift */ = {isa = PBXFileReference; lastKnownFileType = sourcecode.swift; path = HomeView.swift; sourceTree = "<group>"; };
		AA000000000000000000F006 /* WalletViews.swift */ = {isa = PBXFileReference; lastKnownFileType = sourcecode.swift; path = WalletViews.swift; sourceTree = "<group>"; };
		AA000000000000000000F007 /* PlanView.swift */ = {isa = PBXFileReference; lastKnownFileType = sourcecode.swift; path = PlanView.swift; sourceTree = "<group>"; };
		AA000000000000000000F008 /* CityKeyView.swift */ = {isa = PBXFileReference; lastKnownFileType = sourcecode.swift; path = CityKeyView.swift; sourceTree = "<group>"; };
		AA000000000000000000F009 /* SplashAndWrap.swift */ = {isa = PBXFileReference; lastKnownFileType = sourcecode.swift; path = SplashAndWrap.swift; sourceTree = "<group>"; };
		AA000000000000000000F010 /* SimulatorSheet.swift */ = {isa = PBXFileReference; lastKnownFileType = sourcecode.swift; path = SimulatorSheet.swift; sourceTree = "<group>"; };
		AA000000000000000000F011 /* Compat.swift */ = {isa = PBXFileReference; lastKnownFileType = sourcecode.swift; path = Compat.swift; sourceTree = "<group>"; };
		AA000000000000000000F012 /* VelocityBlackSheet.swift */ = {isa = PBXFileReference; lastKnownFileType = sourcecode.swift; path = VelocityBlackSheet.swift; sourceTree = "<group>"; };
		AA000000000000000000F013 /* Assets.xcassets */ = {isa = PBXFileReference; lastKnownFileType = folder.assetcatalog; path = Assets.xcassets; sourceTree = "<group>"; };
		AA000000000000000000A001 /* VentureKey.app */ = {isa = PBXFileReference; explicitFileType = wrapper.application; includeInIndex = 0; path = VentureKey.app; sourceTree = BUILT_PRODUCTS_DIR; };
/* End PBXFileReference section */

/* Begin PBXFrameworksBuildPhase section */
		AA000000000000000000C003 /* Frameworks */ = {
			isa = PBXFrameworksBuildPhase;
			buildActionMask = 2147483647;
			files = (
			);
			runOnlyForDeploymentPostprocessing = 0;
		};
/* End PBXFrameworksBuildPhase section */

/* Begin PBXGroup section */
		AA000000000000000000G001 = {
			isa = PBXGroup;
			children = (
				AA000000000000000000G002 /* VentureKey */,
				AA000000000000000000G003 /* Products */,
			);
			sourceTree = "<group>";
		};
		AA000000000000000000G002 /* VentureKey */ = {
			isa = PBXGroup;
			children = (
				AA000000000000000000F004 /* VentureKeyApp.swift */,
				AA000000000000000000F003 /* AppState.swift */,
				AA000000000000000000F002 /* Models.swift */,
				AA000000000000000000F001 /* Theme.swift */,
				AA000000000000000000F005 /* HomeView.swift */,
				AA000000000000000000F006 /* WalletViews.swift */,
				AA000000000000000000F007 /* PlanView.swift */,
				AA000000000000000000F008 /* CityKeyView.swift */,
				AA000000000000000000F009 /* SplashAndWrap.swift */,
				AA000000000000000000F010 /* SimulatorSheet.swift */,
				AA000000000000000000F011 /* Compat.swift */,
				AA000000000000000000F012 /* VelocityBlackSheet.swift */,
				AA000000000000000000F013 /* Assets.xcassets */,
			);
			path = VentureKey;
			sourceTree = "<group>";
		};
		AA000000000000000000G003 /* Products */ = {
			isa = PBXGroup;
			children = (
				AA000000000000000000A001 /* VentureKey.app */,
			);
			name = Products;
			sourceTree = "<group>";
		};
/* End PBXGroup section */

/* Begin PBXNativeTarget section */
		AA000000000000000000T001 /* VentureKey */ = {
			isa = PBXNativeTarget;
			buildConfigurationList = AA000000000000000000L002 /* Build configuration list for PBXNativeTarget "VentureKey" */;
			buildPhases = (
				AA000000000000000000C001 /* Sources */,
				AA000000000000000000C003 /* Frameworks */,
				AA000000000000000000C002 /* Resources */,
			);
			buildRules = (
			);
			dependencies = (
			);
			name = VentureKey;
			productName = VentureKey;
			productReference = AA000000000000000000A001 /* VentureKey.app */;
			productType = "com.apple.product-type.application";
		};
/* End PBXNativeTarget section */

/* Begin PBXProject section */
		AA000000000000000000P001 /* Project object */ = {
			isa = PBXProject;
			attributes = {
				BuildIndependentTargetsInParallel = 1;
				LastSwiftUpdateCheck = 1500;
				LastUpgradeCheck = 1500;
				TargetAttributes = {
					AA000000000000000000T001 = {
						CreatedOnToolsVersion = 15.0;
					};
				};
			};
			buildConfigurationList = AA000000000000000000L001 /* Build configuration list for PBXProject "VentureKey" */;
			compatibilityVersion = "Xcode 14.0";
			developmentRegion = en;
			hasScannedForEncodings = 0;
			knownRegions = (
				en,
				Base,
			);
			mainGroup = AA000000000000000000G001;
			productRefGroup = AA000000000000000000G003 /* Products */;
			projectDirPath = "";
			projectRoot = "";
			targets = (
				AA000000000000000000T001 /* VentureKey */,
			);
		};
/* End PBXProject section */

/* Begin PBXResourcesBuildPhase section */
		AA000000000000000000C002 /* Resources */ = {
			isa = PBXResourcesBuildPhase;
			buildActionMask = 2147483647;
			files = (
				AA000000000000000000B013 /* Assets.xcassets in Resources */,
			);
			runOnlyForDeploymentPostprocessing = 0;
		};
/* End PBXResourcesBuildPhase section */

/* Begin PBXSourcesBuildPhase section */
		AA000000000000000000C001 /* Sources */ = {
			isa = PBXSourcesBuildPhase;
			buildActionMask = 2147483647;
			files = (
				AA000000000000000000B001 /* Theme.swift in Sources */,
				AA000000000000000000B002 /* Models.swift in Sources */,
				AA000000000000000000B003 /* AppState.swift in Sources */,
				AA000000000000000000B004 /* VentureKeyApp.swift in Sources */,
				AA000000000000000000B005 /* HomeView.swift in Sources */,
				AA000000000000000000B006 /* WalletViews.swift in Sources */,
				AA000000000000000000B007 /* PlanView.swift in Sources */,
				AA000000000000000000B008 /* CityKeyView.swift in Sources */,
				AA000000000000000000B009 /* SplashAndWrap.swift in Sources */,
				AA000000000000000000B010 /* SimulatorSheet.swift in Sources */,
				AA000000000000000000B011 /* Compat.swift in Sources */,
				AA000000000000000000B012 /* VelocityBlackSheet.swift in Sources */,
			);
			runOnlyForDeploymentPostprocessing = 0;
		};
/* End PBXSourcesBuildPhase section */

/* Begin XCBuildConfiguration section */
		AA000000000000000000D001 /* Debug */ = {
			isa = XCBuildConfiguration;
			buildSettings = {
				ALWAYS_SEARCH_USER_PATHS = NO;
				CLANG_ENABLE_MODULES = YES;
				CLANG_ENABLE_OBJC_ARC = YES;
				COPY_PHASE_STRIP = NO;
				DEBUG_INFORMATION_FORMAT = dwarf;
				ENABLE_STRICT_OBJC_MSGSEND = YES;
				ENABLE_TESTABILITY = YES;
				GCC_C_LANGUAGE_STANDARD = gnu17;
				GCC_DYNAMIC_NO_PIC = NO;
				GCC_OPTIMIZATION_LEVEL = 0;
				GCC_PREPROCESSOR_DEFINITIONS = (
					"DEBUG=1",
					"$(inherited)",
				);
				IPHONEOS_DEPLOYMENT_TARGET = 17.0;
				MTL_ENABLE_DEBUG_INFO = INCLUDE_SOURCE;
				MTL_FAST_MATH = YES;
				ONLY_ACTIVE_ARCH = YES;
				SDKROOT = iphoneos;
				SWIFT_ACTIVE_COMPILATION_CONDITIONS = "DEBUG $(inherited)";
				SWIFT_OPTIMIZATION_LEVEL = "-Onone";
			};
			name = Debug;
		};
		AA000000000000000000D002 /* Release */ = {
			isa = XCBuildConfiguration;
			buildSettings = {
				ALWAYS_SEARCH_USER_PATHS = NO;
				CLANG_ENABLE_MODULES = YES;
				CLANG_ENABLE_OBJC_ARC = YES;
				COPY_PHASE_STRIP = NO;
				DEBUG_INFORMATION_FORMAT = "dwarf-with-dsym";
				ENABLE_NS_ASSERTIONS = NO;
				ENABLE_STRICT_OBJC_MSGSEND = YES;
				GCC_C_LANGUAGE_STANDARD = gnu17;
				IPHONEOS_DEPLOYMENT_TARGET = 17.0;
				MTL_ENABLE_DEBUG_INFO = NO;
				MTL_FAST_MATH = YES;
				SDKROOT = iphoneos;
				SWIFT_COMPILATION_MODE = wholemodule;
				VALIDATE_PRODUCT = YES;
			};
			name = Release;
		};
		AA000000000000000000D003 /* Debug */ = {
			isa = XCBuildConfiguration;
			buildSettings = {
				ASSETCATALOG_COMPILER_GLOBAL_ACCENT_COLOR_NAME = AccentColor;
				CODE_SIGN_STYLE = Automatic;
				CURRENT_PROJECT_VERSION = 1;
				ENABLE_PREVIEWS = YES;
				GENERATE_INFOPLIST_FILE = YES;
				INFOPLIST_KEY_UIApplicationSceneManifest_Generation = YES;
				INFOPLIST_KEY_UIApplicationSupportsIndirectInputEvents = YES;
				INFOPLIST_KEY_UILaunchScreen_Generation = YES;
				INFOPLIST_KEY_UISupportedInterfaceOrientations = UIInterfaceOrientationPortrait;
				LD_RUNPATH_SEARCH_PATHS = (
					"$(inherited)",
					"@executable_path/Frameworks",
				);
				MARKETING_VERSION = 1.0;
				PRODUCT_BUNDLE_IDENTIFIER = com.hackathon.VentureKey;
				PRODUCT_NAME = "$(TARGET_NAME)";
				SWIFT_EMIT_LOC_STRINGS = YES;
				SWIFT_VERSION = 5.0;
				TARGETED_DEVICE_FAMILY = 1;
			};
			name = Debug;
		};
		AA000000000000000000D004 /* Release */ = {
			isa = XCBuildConfiguration;
			buildSettings = {
				ASSETCATALOG_COMPILER_GLOBAL_ACCENT_COLOR_NAME = AccentColor;
				CODE_SIGN_STYLE = Automatic;
				CURRENT_PROJECT_VERSION = 1;
				ENABLE_PREVIEWS = YES;
				GENERATE_INFOPLIST_FILE = YES;
				INFOPLIST_KEY_UIApplicationSceneManifest_Generation = YES;
				INFOPLIST_KEY_UIApplicationSupportsIndirectInputEvents = YES;
				INFOPLIST_KEY_UILaunchScreen_Generation = YES;
				INFOPLIST_KEY_UISupportedInterfaceOrientations = UIInterfaceOrientationPortrait;
				LD_RUNPATH_SEARCH_PATHS = (
					"$(inherited)",
					"@executable_path/Frameworks",
				);
				MARKETING_VERSION = 1.0;
				PRODUCT_BUNDLE_IDENTIFIER = com.hackathon.VentureKey;
				PRODUCT_NAME = "$(TARGET_NAME)";
				SWIFT_EMIT_LOC_STRINGS = YES;
				SWIFT_VERSION = 5.0;
				TARGETED_DEVICE_FAMILY = 1;
			};
			name = Release;
		};
/* End XCBuildConfiguration section */

/* Begin XCConfigurationList section */
		AA000000000000000000L001 /* Build configuration list for PBXProject "VentureKey" */ = {
			isa = XCConfigurationList;
			buildConfigurations = (
				AA000000000000000000D001 /* Debug */,
				AA000000000000000000D002 /* Release */,
			);
			defaultConfigurationIsVisible = 0;
			defaultConfigurationName = Release;
		};
		AA000000000000000000L002 /* Build configuration list for PBXNativeTarget "VentureKey" */ = {
			isa = XCConfigurationList;
			buildConfigurations = (
				AA000000000000000000D003 /* Debug */,
				AA000000000000000000D004 /* Release */,
			);
			defaultConfigurationIsVisible = 0;
			defaultConfigurationName = Release;
		};
/* End XCConfigurationList section */
	};
	rootObject = AA000000000000000000P001 /* Project object */;
}
